// !$*UTF8*$!
{
	archiveVersion = 1;
	classes = {
	};
	objectVersion = 46;
	objects = {

/* Begin PBXBuildFile section */
		932CF7D41E5F68D600E04860 /* CoreFoundation.framework in Frameworks */ = {isa = PBXBuildFile; fileRef = 932CF7D31E5F68D600E04860 /* CoreFoundation.framework */; };
		932CF7D61E5F68DF00E04860 /* IOKit.framework in Frameworks */ = {isa = PBXBuildFile; fileRef = 932CF7D51E5F68DF00E04860 /* IOKit.framework */; };
		933C74191E5F6BA2007E5CB3 /* m1OASYS.cpp in Sources */ = {isa = PBXBuildFile; fileRef = 933C74131E5F6BA2007E5CB3 /* m1OASYS.cpp */; };
		933C741A1E5F6BA2007E5CB3 /* m1OASYS.h in Headers */ = {isa = PBXBuildFile; fileRef = 933C74141E5F6BA2007E5CB3 /* m1OASYS.h */; };
		933C741B1E5F6BA2007E5CB3 /* main.cpp in Sources */ = {isa = PBXBuildFile; fileRef = 933C74151E5F6BA2007E5CB3 /* main.cpp */; };
		933C741C1E5F6BA2007E5CB3 /* main.h in Headers */ = {isa = PBXBuildFile; fileRef = 933C74161E5F6BA2007E5CB3 /* main.h */; };
		933C741D1E5F6BA2007E5CB3 /* x2dome.cpp in Sources */ = {isa = PBXBuildFile; fileRef = 933C74171E5F6BA2007E5CB3 /* x2dome.cpp */; };
		933C741E1E5F6BA2007E5CB3 /* x2dome.h in Headers */ = {isa = PBXBuildFile; fileRef = 933C74181E5F6BA2007E5CB3 /* x2dome.h */; };
/* End PBXBuildFile section */

/* Begin PBXFileReference section */
		932CF7BE1E5F637D00E04860 /* libm1OASYS.dylib */ = {isa = PBXFileReference; explicitFileType = "compiled.mach-o.dylib"; includeInIndex = 0; path = libm1OASYS.dylib; sourceTree = BUILT_PRODUCTS_DIR; };
		932CF7D31E5F68D600E04860 /* CoreFoundation.framework */ = {isa = PBXFileReference; lastKnownFileType = wrapper.framework; name = CoreFoundation.framework; path = System/Library/Frameworks/CoreFoundation.framework; sourceTree = SDKROOT; };
		932CF7D51E5F68DF00E04860 /* IOKit.framework */ = {isa = PBXFileReference; lastKnownFileType = wrapper.framework; name = IOKit.framework; path = System/Library/Frameworks/IOKit.framework; sourceTree = SDKROOT; };
		933C74131E5F6BA2007E5CB3 /* m1OASYS.cpp */ = {isa = PBXFileReference; fileEncoding = 4; lastKnownFileType = sourcecode.cpp.cpp; path = m1OASYS.cpp; sourceTree = "<group>"; };
		933C74141E5F6BA2007E5CB3 /* m1OASYS.h */ = {isa = PBXFileReference; fileEncoding = 4; lastKnownFileType = sourcecode.c.h; path = m1OASYS.h; sourceTree = "<group>"; };
		933C74151E5F6BA2007E5CB3 /* main.cpp */ = {isa = PBXFileReference; fileEncoding = 4; lastKnownFileType = sourcecode.cpp.cpp; path = main.cpp; sourceTree = "<group>"; };
		933C74161E5F6BA2007E5CB3 /* main.h */ = {isa = PBXFileReference; fileEncoding = 4; lastKnownFileType = sourcecode.c.h; path = main.h; sourceTree = "<group>"; };
		933C74171E5F6BA2007E5CB3 /* x2dome.cpp */ = {isa = PBXFileReference; fileEncoding = 4; lastKnownFileType = sourcecode.cpp.cpp; path = x2dome.cpp; sourceTree = "<group>"; };
		933C74181E5F6BA2007E5CB3 /* x2dome.h */ = {isa = PBXFileReference; fileEncoding = 4; lastKnownFileType = sourcecode.c.h; path = x2dome.h; sourceTree = "<group>"; };
/* End PBXFileReference section */

/* Begin PBXFrameworksBuildPhase section */
		932CF7BB1E5F637D00E04860 /* Frameworks */ = {
			isa = PBXFrameworksBuildPhase;
			buildActionMask = 2147483647;
			files = (
				932CF7D61E5F68DF00E04860 /* IOKit.framework in Frameworks */,
				932CF7D41E5F68D600E04860 /* CoreFoundation.framework in Frameworks */,
			);
			runOnlyForDeploymentPostprocessing = 0;
		};
/* End PBXFrameworksBuildPhase section */

/* Begin PBXGroup section */
		932CF7B51E5F637D00E04860 = {
			isa = PBXGroup;
			children = (
				932CF7C51E5F638B00E04860 /* Sources */,
				932CF7BF1E5F637D00E04860 /* Products */,
				932CF7D21E5F68D600E04860 /* Frameworks */,
			);
			sourceTree = "<group>";
		};
		932CF7BF1E5F637D00E04860 /* Products */ = {
			isa = PBXGroup;
			children = (
				932CF7BE1E5F637D00E04860 /* libm1OASYS.dylib */,
			);
			name = Products;
			sourceTree = "<group>";
		};
		932CF7C51E5F638B00E04860 /* Sources */ = {
			isa = PBXGroup;
			children = (
				933C74131E5F6BA2007E5CB3 /* m1OASYS.cpp */,
				933C74141E5F6BA2007E5CB3 /* m1OASYS.h */,
				933C74151E5F6BA2007E5CB3 /* main.cpp */,
				933C74161E5F6BA2007E5CB3 /* main.h */,
				933C74171E5F6BA2007E5CB3 /* x2dome.cpp */,
				933C74181E5F6BA2007E5CB3 /* x2dome.h */,
			);
			name = Sources;
			sourceTree = "<group>";
		};
		932CF7D21E5F68D600E04860 /* Frameworks */ = {
			isa = PBXGroup;
			children = (
				932CF7D51E5F68DF00E04860 /* IOKit.framework */,
				932CF7D31E5F68D600E04860 /* CoreFoundation.framework */,
			);
			name = Frameworks;
			sourceTree = "<group>";
		};
/* End PBXGroup section */

/* Begin PBXHeadersBuildPhase section */
		932CF7BC1E5F637D00E04860 /* Headers */ = {
			isa = PBXHeadersBuildPhase;
			buildActionMask = 2147483647;
			files = (
				933C741A1E5F6BA2007E5CB3 /* m1OASYS.h in Headers */,
				933C741C1E5F6BA2007E5CB3 /* main.h in Headers */,
				933C741E1E5F6BA2007E5CB3 /* x2dome.h in Headers */,
			);
			runOnlyForDeploymentPostprocessing = 0;
		};
/* End PBXHeadersBuildPhase section */

/* Begin PBXNativeTarget section */
		932CF7BD1E5F637D00E04860 /* m1OASYS */ = {
			isa = PBXNativeTarget;
			buildConfigurationList = 932CF7C21E5F637D00E04860 /* Build configuration list for PBXNativeTarget "m1OASYS" */;
			buildPhases = (
				932CF7BA1E5F637D00E04860 /* Sources */,
				932CF7BB1E5F637D00E04860 /* Frameworks */,
				932CF7BC1E5F637D00E04860 /* Headers */,
			);
			buildRules = (
			);
			dependencies = (
			);
			name = m1OASYS;
			productName = m1OASYS;
			productReference = 932CF7BE1E5F637D00E04860 /* libm1OASYS.dylib */;
			productType = "com.apple.product-type.library.dynamic";
		};
/* End PBXNativeTarget section */

/* Begin PBXProject section */
		932CF7B61E5F637D00E04860 /* Project object */ = {
			isa = PBXProject;
			attributes = {
				LastUpgradeCheck = 0820;
				ORGANIZATIONNAME = roro;
				TargetAttributes = {
					932CF7BD1E5F637D00E04860 = {
						CreatedOnToolsVersion = 8.2.1;
						DevelopmentTeam = PB97QXVYQC;
						ProvisioningStyle = Automatic;
					};
				};
			};
			buildConfigurationList = 932CF7B91E5F637D00E04860 /* Build configuration list for PBXProject "m1OASYS" */;
			compatibilityVersion = "Xcode 3.2";
			developmentRegion = English;
			hasScannedForEncodings = 0;
			knownRegions = (
				en,
			);
			mainGroup = 932CF7B51E5F637D00E04860;
			productRefGroup = 932CF7BF1E5F637D00E04860 /* Products */;
			projectDirPath = "";
			projectRoot = "";
			targets = (
				932CF7BD1E5F637D00E04860 /* m1OASYS */,
			);
		};
/* End PBXProject section */

/* Begin PBXSourcesBuildPhase section */
		932CF7BA1E5F637D00E04860 /* Sources */ = {
			isa = PBXSourcesBuildPhase;
			buildActionMask = 2147483647;
			files = (
				933C741D1E5F6BA2007E5CB3 /* x2dome.cpp in Sources */,
				933C741B1E5F6BA2007E5CB3 /* main.cpp in Sources */,
				933C74191E5F6BA2007E5CB3 /* m1OASYS.cpp in Sources */,
			);
			runOnlyForDeploymentPostprocessing = 0;
		};
/* End PBXSourcesBuildPhase section */

/* Begin XCBuildConfiguration section */
		932CF7C01E5F637D00E04860 /* Debug */ = {
			isa = XCBuildConfiguration;
			buildSettings = {
				ALWAYS_SEARCH_USER_PATHS = NO;
				ARCHS = "$(ARCHS_STANDARD_32_BIT)";
				CLANG_ANALYZER_NONNULL = YES;
				CLANG_CXX_LANGUAGE_STANDARD = "gnu++0x";
				CLANG_CXX_LIBRARY = "libstdc++";
				CLANG_ENABLE_MODULES = YES;
				CLANG_ENABLE_OBJC_ARC = YES;
				CLANG_WARN_BOOL_CONVERSION = YES;
				CLANG_WARN_CONSTANT_CONVERSION = YES;
				CLANG_WARN_DIRECT_OBJC_ISA_USAGE = YES_ERROR;
				CLANG_WARN_DOCUMENTATION_COMMENTS = YES;
				CLANG_WARN_EMPTY_BODY = YES;
				CLANG_WARN_ENUM_CONVERSION = YES;
				CLANG_WARN_INFINITE_RECURSION = YES;
				CLANG_WARN_INT_CONVERSION = YES;
				CLANG_WARN_OBJC_ROOT_CLASS = YES_ERROR;
				CLANG_WARN_SUSPICIOUS_MOVE = YES;
				CLANG_WARN_UNREACHABLE_CODE = YES;
				CLANG_WARN__DUPLICATE_METHOD_MATCH = YES;
				CODE_SIGN_IDENTITY = "-";
				COPY_PHASE_STRIP = NO;
				DEBUG_INFORMATION_FORMAT = dwarf;
				ENABLE_STRICT_OBJC_MSGSEND = YES;
				ENABLE_TESTABILITY = YES;
				GCC_C_LANGUAGE_STANDARD = gnu99;
				GCC_DYNAMIC_NO_PIC = NO;
				GCC_NO_COMMON_BLOCKS = YES;
				GCC_OPTIMIZATION_LEVEL = 0;
				GCC_PREPROCESSOR_DEFINITIONS = (
					"DEBUG=1",
					"$(inherited)",
				);
				GCC_WARN_64_TO_32_BIT_CONVERSION = YES;
				GCC_WARN_ABOUT_RETURN_TYPE = YES_ERROR;
				GCC_WARN_UNDECLARED_SELECTOR = YES;
				GCC_WARN_UNINITIALIZED_AUTOS = YES_AGGRESSIVE;
				GCC_WARN_UNUSED_FUNCTION = YES;
				GCC_WARN_UNUSED_VARIABLE = YES;
				MACOSX_DEPLOYMENT_TARGET = 10.6;
				MTL_ENABLE_DEBUG_INFO = YES;
				ONLY_ACTIVE_ARCH = YES;
				SDKROOT = macosx;
				VALID_ARCHS = i386;
			};
			name = Debug;
		};
		932CF7C11E5F637D00E04860 /* Release */ = {
			isa = XCBuildConfiguration;
			buildSettings = {
				ALWAYS_SEARCH_USER_PATHS = NO;
				ARCHS = "$(ARCHS_STANDARD_32_BIT)";
				CLANG_ANALYZER_NONNULL = YES;
				CLANG_CXX_LANGUAGE_STANDARD = "gnu++0x";
				CLANG_CXX_LIBRARY = "libstdc++";
				CLANG_ENABLE_MODULES = YES;
				CLANG_ENABLE_OBJC_ARC = YES;
				CLANG_WARN_BOOL_CONVERSION = YES;
				CLANG_WARN_CONSTANT_CONVERSION = YES;
				CLANG_WARN_DIRECT_OBJC_ISA_USAGE = YES_ERROR;
				CLANG_WARN_DOCUMENTATION_COMMENTS = YES;
				CLANG_WARN_EMPTY_BODY = YES;
				CLANG_WARN_ENUM_CONVERSION = YES;
				CLANG_WARN_INFINITE_RECURSION = YES;
				CLANG_WARN_INT_CONVERSION = YES;
				CLANG_WARN_OBJC_ROOT_CLASS = YES_ERROR;
				CLANG_WARN_SUSPICIOUS_MOVE = YES;
				CLANG_WARN_UNREACHABLE_CODE = YES;
				CLANG_WARN__DUPLICATE_METHOD_MATCH = YES;
				CODE_SIGN_IDENTITY = "-";
				COPY_PHASE_STRIP = NO;
				DEBUG_INFORMATION_FORMAT = "dwarf-with-dsym";
				ENABLE_NS_ASSERTIONS = NO;
				ENABLE_STRICT_OBJC_MSGSEND = YES;
				GCC_C_LANGUAGE_STANDARD = gnu99;
				GCC_NO_COMMON_BLOCKS = YES;
				GCC_WARN_64_TO_32_BIT_CONVERSION = YES;
				GCC_WARN_ABOUT_RETURN_TYPE = YES_ERROR;
				GCC_WARN_UNDECLARED_SELECTOR = YES;
				GCC_WARN_UNINITIALIZED_AUTOS = YES_AGGRESSIVE;
				GCC_WARN_UNUSED_FUNCTION = YES;
				GCC_WARN_UNUSED_VARIABLE = YES;
				MACOSX_DEPLOYMENT_TARGET = 10.6;
				MTL_ENABLE_DEBUG_INFO = NO;
				SDKROOT = macosx;
				VALID_ARCHS = i386;
			};
			name = Release;
		};
		932CF7C31E5F637D00E04860 /* Debug */ = {
			isa = XCBuildConfiguration;
			buildSettings = {
				ARCHS = "$(ARCHS_STANDARD_32_BIT)";
				CLANG_CXX_LIBRARY = "libstdc++";
				CODE_SIGN_IDENTITY = "";
				DEVELOPMENT_TEAM = PB97QXVYQC;
				DYLIB_COMPATIBILITY_VERSION = 1;
				DYLIB_CURRENT_VERSION = 1;
				EXECUTABLE_PREFIX = lib;
				"GCC_PREPROCESSOR_DEFINITIONS[arch=*]" = SB_MAC_BUILD;
				HEADER_SEARCH_PATHS = (
					"\"$(SRCROOT)/\"",
					"\"$(SRCROOT)/../..\"",
				);
				MACOSX_DEPLOYMENT_TARGET = 10.6;
				PRODUCT_NAME = "$(TARGET_NAME)";
				VALID_ARCHS = i386;
			};
			name = Debug;
		};
		932CF7C41E5F637D00E04860 /* Release */ = {
			isa = XCBuildConfiguration;
			buildSettings = {
				ARCHS = "$(ARCHS_STANDARD_32_BIT)";
				CLANG_CXX_LIBRARY = "libstdc++";
				CODE_SIGN_IDENTITY = "";
				DEVELOPMENT_TEAM = PB97QXVYQC;
				DYLIB_COMPATIBILITY_VERSION = 1;
				DYLIB_CURRENT_VERSION = 1;
				EXECUTABLE_PREFIX = lib;
				"GCC_PREPROCESSOR_DEFINITIONS[arch=*]" = SB_MAC_BUILD;
				HEADER_SEARCH_PATHS = (
					"\"$(SRCROOT)/\"",
					"\"$(SRCROOT)/../..\"",
				);
				MACOSX_DEPLOYMENT_TARGET = 10.6;
				PRODUCT_NAME = "$(TARGET_NAME)";
				VALID_ARCHS = i386;
			};
			name = Release;
		};
/* End XCBuildConfiguration section */

/* Begin XCConfigurationList section */
		932CF7B91E5F637D00E04860 /* Build configuration list for PBXProject "m1OASYS" */ = {
			isa = XCConfigurationList;
			buildConfigurations = (
				932CF7C01E5F637D00E04860 /* Debug */,
				932CF7C11E5F637D00E04860 /* Release */,
			);
			defaultConfigurationIsVisible = 0;
			defaultConfigurationName = Release;
		};
		932CF7C21E5F637D00E04860 /* Build configuration list for PBXNativeTarget "m1OASYS" */ = {
			isa = XCConfigurationList;
			buildConfigurations = (
				932CF7C31E5F637D00E04860 /* Debug */,
				932CF7C41E5F637D00E04860 /* Release */,
			);
			defaultConfigurationIsVisible = 0;
			defaultConfigurationName = Release;
		};
/* End XCConfigurationList section */
	};
	rootObject = 932CF7B61E5F637D00E04860 /* Project object */;
}
